// !$*UTF8*$!
{
	archiveVersion = 1;
	classes = {
	};
	objectVersion = 46;
	objects = {

/* Begin PBXBuildFile section */
		6C2C070819E4559800F1FD56 /* EMUUSBAudioDevice.cpp in Sources */ = {isa = PBXBuildFile; fileRef = 6C2C070619E4559800F1FD56 /* EMUUSBAudioDevice.cpp */; };
		6C2C070919E4559800F1FD56 /* EMUUSBAudioDevice.h in Headers */ = {isa = PBXBuildFile; fileRef = 6C2C070719E4559800F1FD56 /* EMUUSBAudioDevice.h */; };
		6C2C070C19E4562800F1FD56 /* EMUUSBAudioEngine.cpp in Sources */ = {isa = PBXBuildFile; fileRef = 6C2C070A19E4562800F1FD56 /* EMUUSBAudioEngine.cpp */; };
		6C2C070D19E4562800F1FD56 /* EMUUSBAudioEngine.h in Headers */ = {isa = PBXBuildFile; fileRef = 6C2C070B19E4562800F1FD56 /* EMUUSBAudioEngine.h */; };
		6C2C071119E4572600F1FD56 /* EMUXUCustomControl.cpp in Sources */ = {isa = PBXBuildFile; fileRef = 6C2C070F19E4572600F1FD56 /* EMUXUCustomControl.cpp */; };
		6C2C071219E4572600F1FD56 /* EMUXUCustomControl.h in Headers */ = {isa = PBXBuildFile; fileRef = 6C2C071019E4572600F1FD56 /* EMUXUCustomControl.h */; };
		6C2C071619E4578A00F1FD56 /* EMUUSBAudioLevelControl.h in Headers */ = {isa = PBXBuildFile; fileRef = 6C2C071419E4578A00F1FD56 /* EMUUSBAudioLevelControl.h */; };
		6C2C071919E4586700F1FD56 /* USBAudioObject.cpp in Sources */ = {isa = PBXBuildFile; fileRef = 6C2C071719E4586700F1FD56 /* USBAudioObject.cpp */; };
		6C2C071A19E4586700F1FD56 /* USBAudioObject.h in Headers */ = {isa = PBXBuildFile; fileRef = 6C2C071819E4586700F1FD56 /* USBAudioObject.h */; };
		6C2C071E19E4714500F1FD56 /* EMUUSBAudioMuteControl.h in Headers */ = {isa = PBXBuildFile; fileRef = 6C2C071C19E4714500F1FD56 /* EMUUSBAudioMuteControl.h */; };
		6C2C072119E4740700F1FD56 /* EMUUSBAudioPlugin.cpp in Sources */ = {isa = PBXBuildFile; fileRef = 6C2C071F19E4740700F1FD56 /* EMUUSBAudioPlugin.cpp */; };
		6C2C072219E4740700F1FD56 /* EMUUSBAudioPlugin.h in Headers */ = {isa = PBXBuildFile; fileRef = 6C2C072019E4740700F1FD56 /* EMUUSBAudioPlugin.h */; };
		6C2C072619E4755A00F1FD56 /* EMUUSBUserClient.h in Headers */ = {isa = PBXBuildFile; fileRef = 6C2C072419E4755A00F1FD56 /* EMUUSBUserClient.h */; };
		6C2C072D19E4864D00F1FD56 /* IOSyncer.h in Headers */ = {isa = PBXBuildFile; fileRef = 6C2C072B19E4864D00F1FD56 /* IOSyncer.h */; };
		6C39DF8919F2C3BD00D027FC /* EMUUSBAudioClip.cpp in Sources */ = {isa = PBXBuildFile; fileRef = 6C77361F19E3234900ED3FAA /* EMUUSBAudioClip.cpp */; };
		6C5464221A15606C003C251B /* EMUUSBUserClient.cpp in Sources */ = {isa = PBXBuildFile; fileRef = 6C2C072319E4755A00F1FD56 /* EMUUSBUserClient.cpp */; };
		6C5A3AF31A285C0200F4DC13 /* RingBufferT.h in Headers */ = {isa = PBXBuildFile; fileRef = 6C5A3AF11A285C0200F4DC13 /* RingBufferT.h */; };
		6C5A3B021A290F4800F4DC13 /* EMUUSBInputStream.cpp in Sources */ = {isa = PBXBuildFile; fileRef = 6C5A3B001A290F4800F4DC13 /* EMUUSBInputStream.cpp */; };
		6C5A3B031A290F4800F4DC13 /* EMUUSBInputStream.h in Headers */ = {isa = PBXBuildFile; fileRef = 6C5A3B011A290F4800F4DC13 /* EMUUSBInputStream.h */; };
		6C7735F719E320A000ED3FAA /* InfoPlist.strings in Resources */ = {isa = PBXBuildFile; fileRef = 6C7735F519E320A000ED3FAA /* InfoPlist.strings */; };
		6C77362219E3234900ED3FAA /* EMUUSBAudioClip.h in Headers */ = {isa = PBXBuildFile; fileRef = 6C77362019E3234900ED3FAA /* EMUUSBAudioClip.h */; };
		6C7861F31D03F7110087FD31 /* IOUSBPipe.cpp in Sources */ = {isa = PBXBuildFile; fileRef = 6C7861F11D03F7110087FD31 /* IOUSBPipe.cpp */; };
		6C7861F41D03F7110087FD31 /* IOUSBPipe.h in Headers */ = {isa = PBXBuildFile; fileRef = 6C7861F21D03F7110087FD31 /* IOUSBPipe.h */; };
		6C7861F71D03F91D0087FD31 /* IOUSBDevice.cpp in Sources */ = {isa = PBXBuildFile; fileRef = 6C7861F51D03F91D0087FD31 /* IOUSBDevice.cpp */; };
		6C7861F81D03F91D0087FD31 /* IOUSBDevice.h in Headers */ = {isa = PBXBuildFile; fileRef = 6C7861F61D03F91D0087FD31 /* IOUSBDevice.h */; };
		6C7861FB1D03F96C0087FD31 /* IOUSBInterface.cpp in Sources */ = {isa = PBXBuildFile; fileRef = 6C7861F91D03F96C0087FD31 /* IOUSBInterface.cpp */; };
		6C7861FC1D03F96C0087FD31 /* IOUSBInterface.h in Headers */ = {isa = PBXBuildFile; fileRef = 6C7861FA1D03F96C0087FD31 /* IOUSBInterface.h */; };
		6C7B68831D0436E90059CA4C /* IOUSBController.cpp in Sources */ = {isa = PBXBuildFile; fileRef = 6C7B68811D0436E90059CA4C /* IOUSBController.cpp */; settings = {ASSET_TAGS = (); }; };
		6C7B68841D0436E90059CA4C /* IOUSBController.h in Headers */ = {isa = PBXBuildFile; fileRef = 6C7B68821D0436E90059CA4C /* IOUSBController.h */; settings = {ASSET_TAGS = (); }; };
		6C8BF21C1A2507FC00F2052A /* LowPassFilter.cpp in Sources */ = {isa = PBXBuildFile; fileRef = 6C8BF21A1A2507FC00F2052A /* LowPassFilter.cpp */; };
		6C8BF21D1A2507FC00F2052A /* LowPassFilter.h in Headers */ = {isa = PBXBuildFile; fileRef = 6C8BF21B1A2507FC00F2052A /* LowPassFilter.h */; };
		6C97E7F819EDB4C400C376B9 /* EMUUSBAudioLevelControl.cpp in Sources */ = {isa = PBXBuildFile; fileRef = 6C2C071319E4578A00F1FD56 /* EMUUSBAudioLevelControl.cpp */; };
		6C97E7F919EDB4C900C376B9 /* EMUUSBAudioMuteControl.cpp in Sources */ = {isa = PBXBuildFile; fileRef = 6C2C071B19E4714500F1FD56 /* EMUUSBAudioMuteControl.cpp */; };
		6CB2722F1A54197B00FA8B61 /* EMUUSBOutputStream.cpp in Sources */ = {isa = PBXBuildFile; fileRef = 6CB2722D1A54197B00FA8B61 /* EMUUSBOutputStream.cpp */; };
		6CB272301A54197B00FA8B61 /* EMUUSBOutputStream.h in Headers */ = {isa = PBXBuildFile; fileRef = 6CB2722E1A54197B00FA8B61 /* EMUUSBOutputStream.h */; };
		6CE021FE1A5FCE9C00568A82 /* StreamInfo.cpp in Sources */ = {isa = PBXBuildFile; fileRef = 6CE021FD1A5FCE9C00568A82 /* StreamInfo.cpp */; };
/* End PBXBuildFile section */

/* Begin PBXCopyFilesBuildPhase section */
		6CD0F85519E5A3210049C532 /* CopyFiles */ = {
			isa = PBXCopyFilesBuildPhase;
			buildActionMask = 2147483647;
			dstPath = "";
			dstSubfolderSpec = 13;
			files = (
			);
			runOnlyForDeploymentPostprocessing = 0;
		};
/* End PBXCopyFilesBuildPhase section */

/* Begin PBXFileReference section */
		6C022C8719E3AA090090651E /* CoreAudioKit.framework */ = {isa = PBXFileReference; lastKnownFileType = wrapper.framework; name = CoreAudioKit.framework; path = System/Library/Frameworks/CoreAudioKit.framework; sourceTree = SDKROOT; };
		6C2C070619E4559800F1FD56 /* EMUUSBAudioDevice.cpp */ = {isa = PBXFileReference; fileEncoding = 4; lastKnownFileType = sourcecode.cpp.cpp; path = EMUUSBAudioDevice.cpp; sourceTree = "<group>"; };
		6C2C070719E4559800F1FD56 /* EMUUSBAudioDevice.h */ = {isa = PBXFileReference; fileEncoding = 4; lastKnownFileType = sourcecode.c.h; path = EMUUSBAudioDevice.h; sourceTree = "<group>"; };
		6C2C070A19E4562800F1FD56 /* EMUUSBAudioEngine.cpp */ = {isa = PBXFileReference; fileEncoding = 4; lastKnownFileType = sourcecode.cpp.cpp; path = EMUUSBAudioEngine.cpp; sourceTree = "<group>"; };
		6C2C070B19E4562800F1FD56 /* EMUUSBAudioEngine.h */ = {isa = PBXFileReference; fileEncoding = 4; lastKnownFileType = sourcecode.c.h; path = EMUUSBAudioEngine.h; sourceTree = "<group>"; };
		6C2C070E19E456D500F1FD56 /* EMUUSBAudioCommon.h */ = {isa = PBXFileReference; lastKnownFileType = sourcecode.c.h; path = EMUUSBAudioCommon.h; sourceTree = "<group>"; };
		6C2C070F19E4572600F1FD56 /* EMUXUCustomControl.cpp */ = {isa = PBXFileReference; fileEncoding = 4; lastKnownFileType = sourcecode.cpp.cpp; path = EMUXUCustomControl.cpp; sourceTree = "<group>"; };
		6C2C071019E4572600F1FD56 /* EMUXUCustomControl.h */ = {isa = PBXFileReference; fileEncoding = 4; lastKnownFileType = sourcecode.c.h; path = EMUXUCustomControl.h; sourceTree = "<group>"; };
		6C2C071319E4578A00F1FD56 /* EMUUSBAudioLevelControl.cpp */ = {isa = PBXFileReference; fileEncoding = 4; lastKnownFileType = sourcecode.cpp.cpp; path = EMUUSBAudioLevelControl.cpp; sourceTree = "<group>"; };
		6C2C071419E4578A00F1FD56 /* EMUUSBAudioLevelControl.h */ = {isa = PBXFileReference; fileEncoding = 4; lastKnownFileType = sourcecode.c.h; path = EMUUSBAudioLevelControl.h; sourceTree = "<group>"; };
		6C2C071719E4586700F1FD56 /* USBAudioObject.cpp */ = {isa = PBXFileReference; fileEncoding = 4; lastKnownFileType = sourcecode.cpp.cpp; path = USBAudioObject.cpp; sourceTree = "<group>"; };
		6C2C071819E4586700F1FD56 /* USBAudioObject.h */ = {isa = PBXFileReference; fileEncoding = 4; lastKnownFileType = sourcecode.c.h; path = USBAudioObject.h; sourceTree = "<group>"; };
		6C2C071B19E4714500F1FD56 /* EMUUSBAudioMuteControl.cpp */ = {isa = PBXFileReference; fileEncoding = 4; lastKnownFileType = sourcecode.cpp.cpp; path = EMUUSBAudioMuteControl.cpp; sourceTree = "<group>"; };
		6C2C071C19E4714500F1FD56 /* EMUUSBAudioMuteControl.h */ = {isa = PBXFileReference; fileEncoding = 4; lastKnownFileType = sourcecode.c.h; path = EMUUSBAudioMuteControl.h; sourceTree = "<group>"; };
		6C2C071F19E4740700F1FD56 /* EMUUSBAudioPlugin.cpp */ = {isa = PBXFileReference; fileEncoding = 4; lastKnownFileType = sourcecode.cpp.cpp; path = EMUUSBAudioPlugin.cpp; sourceTree = "<group>"; };
		6C2C072019E4740700F1FD56 /* EMUUSBAudioPlugin.h */ = {isa = PBXFileReference; fileEncoding = 4; lastKnownFileType = sourcecode.c.h; path = EMUUSBAudioPlugin.h; sourceTree = "<group>"; };
		6C2C072319E4755A00F1FD56 /* EMUUSBUserClient.cpp */ = {isa = PBXFileReference; fileEncoding = 4; lastKnownFileType = sourcecode.cpp.cpp; path = EMUUSBUserClient.cpp; sourceTree = "<group>"; };
		6C2C072419E4755A00F1FD56 /* EMUUSBUserClient.h */ = {isa = PBXFileReference; fileEncoding = 4; lastKnownFileType = sourcecode.c.h; path = EMUUSBUserClient.h; sourceTree = "<group>"; };
		6C2C072719E475B700F1FD56 /* EMUUSBPlatform.h */ = {isa = PBXFileReference; lastKnownFileType = sourcecode.c.h; path = EMUUSBPlatform.h; sourceTree = "<group>"; };
		6C2C072819E475EE00F1FD56 /* EMUUSBAudioDefines.h */ = {isa = PBXFileReference; lastKnownFileType = sourcecode.c.h; path = EMUUSBAudioDefines.h; sourceTree = "<group>"; };
		6C2C072B19E4864D00F1FD56 /* IOSyncer.h */ = {isa = PBXFileReference; fileEncoding = 4; lastKnownFileType = sourcecode.c.h; path = IOSyncer.h; sourceTree = "<group>"; };
		6C5A3AF11A285C0200F4DC13 /* RingBufferT.h */ = {isa = PBXFileReference; fileEncoding = 4; lastKnownFileType = sourcecode.c.h; path = RingBufferT.h; sourceTree = "<group>"; };
		6C5A3AFF1A28DF9700F4DC13 /* RingBufferDefault.h */ = {isa = PBXFileReference; lastKnownFileType = sourcecode.c.h; path = RingBufferDefault.h; sourceTree = "<group>"; };
		6C5A3B001A290F4800F4DC13 /* EMUUSBInputStream.cpp */ = {isa = PBXFileReference; fileEncoding = 4; lastKnownFileType = sourcecode.cpp.cpp; path = EMUUSBInputStream.cpp; sourceTree = "<group>"; };
		6C5A3B011A290F4800F4DC13 /* EMUUSBInputStream.h */ = {isa = PBXFileReference; fileEncoding = 4; lastKnownFileType = sourcecode.c.h; path = EMUUSBInputStream.h; sourceTree = "<group>"; };
		6C6B28B519ED897400EE6E8E /* EMUUSBLogging.h */ = {isa = PBXFileReference; lastKnownFileType = sourcecode.c.h; path = EMUUSBLogging.h; sourceTree = "<group>"; };
		6C7735ED19E320A000ED3FAA /* EMUUSBAudio.kext */ = {isa = PBXFileReference; explicitFileType = wrapper.cfbundle; includeInIndex = 0; path = EMUUSBAudio.kext; sourceTree = BUILT_PRODUCTS_DIR; };
		6C7735F119E320A000ED3FAA /* Kernel.framework */ = {isa = PBXFileReference; lastKnownFileType = wrapper.framework; name = Kernel.framework; path = System/Library/Frameworks/Kernel.framework; sourceTree = SDKROOT; };
		6C7735F419E320A000ED3FAA /* EMUUSBAudio-Info.plist */ = {isa = PBXFileReference; lastKnownFileType = text.plist.xml; path = "EMUUSBAudio-Info.plist"; sourceTree = "<group>"; };
		6C7735F619E320A000ED3FAA /* en */ = {isa = PBXFileReference; lastKnownFileType = text.plist.strings; name = en; path = en.lproj/InfoPlist.strings; sourceTree = "<group>"; };
		6C7735FA19E320A000ED3FAA /* EMUUSBAudio-Prefix.pch */ = {isa = PBXFileReference; lastKnownFileType = sourcecode.c.h; path = "EMUUSBAudio-Prefix.pch"; sourceTree = "<group>"; };
		6C77360519E321F100ED3FAA /* CoreFoundation.framework */ = {isa = PBXFileReference; lastKnownFileType = wrapper.framework; name = CoreFoundation.framework; path = System/Library/Frameworks/CoreFoundation.framework; sourceTree = SDKROOT; };
		6C77361F19E3234900ED3FAA /* EMUUSBAudioClip.cpp */ = {isa = PBXFileReference; fileEncoding = 4; lastKnownFileType = sourcecode.cpp.cpp; path = EMUUSBAudioClip.cpp; sourceTree = "<group>"; };
		6C77362019E3234900ED3FAA /* EMUUSBAudioClip.h */ = {isa = PBXFileReference; fileEncoding = 4; lastKnownFileType = sourcecode.c.h; path = EMUUSBAudioClip.h; sourceTree = "<group>"; };
		6C77362919E325BA00ED3FAA /* CoreAudio.framework */ = {isa = PBXFileReference; lastKnownFileType = wrapper.framework; name = CoreAudio.framework; path = System/Library/Frameworks/CoreAudio.framework; sourceTree = SDKROOT; };
		6C77362B19E3261000ED3FAA /* IOKit.framework */ = {isa = PBXFileReference; lastKnownFileType = wrapper.framework; name = IOKit.framework; path = System/Library/Frameworks/IOKit.framework; sourceTree = SDKROOT; };
		6C7861F11D03F7110087FD31 /* IOUSBPipe.cpp */ = {isa = PBXFileReference; fileEncoding = 4; lastKnownFileType = sourcecode.cpp.cpp; path = IOUSBPipe.cpp; sourceTree = "<group>"; };
		6C7861F21D03F7110087FD31 /* IOUSBPipe.h */ = {isa = PBXFileReference; fileEncoding = 4; lastKnownFileType = sourcecode.c.h; path = IOUSBPipe.h; sourceTree = "<group>"; };
		6C7861F51D03F91D0087FD31 /* IOUSBDevice.cpp */ = {isa = PBXFileReference; fileEncoding = 4; lastKnownFileType = sourcecode.cpp.cpp; path = IOUSBDevice.cpp; sourceTree = "<group>"; };
		6C7861F61D03F91D0087FD31 /* IOUSBDevice.h */ = {isa = PBXFileReference; fileEncoding = 4; lastKnownFileType = sourcecode.c.h; path = IOUSBDevice.h; sourceTree = "<group>"; };
		6C7861F91D03F96C0087FD31 /* IOUSBInterface.cpp */ = {isa = PBXFileReference; fileEncoding = 4; lastKnownFileType = sourcecode.cpp.cpp; path = IOUSBInterface.cpp; sourceTree = "<group>"; };
		6C7861FA1D03F96C0087FD31 /* IOUSBInterface.h */ = {isa = PBXFileReference; fileEncoding = 4; lastKnownFileType = sourcecode.c.h; path = IOUSBInterface.h; sourceTree = "<group>"; };
		6C7B68811D0436E90059CA4C /* IOUSBController.cpp */ = {isa = PBXFileReference; fileEncoding = 4; lastKnownFileType = sourcecode.cpp.cpp; path = IOUSBController.cpp; sourceTree = "<group>"; };
		6C7B68821D0436E90059CA4C /* IOUSBController.h */ = {isa = PBXFileReference; fileEncoding = 4; lastKnownFileType = sourcecode.c.h; path = IOUSBController.h; sourceTree = "<group>"; };
		6C8BF2191A2503F300F2052A /* StreamInfo.h */ = {isa = PBXFileReference; lastKnownFileType = sourcecode.c.h; path = StreamInfo.h; sourceTree = "<group>"; };
		6C8BF21A1A2507FC00F2052A /* LowPassFilter.cpp */ = {isa = PBXFileReference; fileEncoding = 4; lastKnownFileType = sourcecode.cpp.cpp; path = LowPassFilter.cpp; sourceTree = "<group>"; };
		6C8BF21B1A2507FC00F2052A /* LowPassFilter.h */ = {isa = PBXFileReference; fileEncoding = 4; lastKnownFileType = sourcecode.c.h; path = LowPassFilter.h; sourceTree = "<group>"; };
		6C966C7F19ED9E5000DBF618 /* EMUUSBDeviceDefines.h */ = {isa = PBXFileReference; lastKnownFileType = sourcecode.c.h; path = EMUUSBDeviceDefines.h; sourceTree = "<group>"; };
		6CB2722D1A54197B00FA8B61 /* EMUUSBOutputStream.cpp */ = {isa = PBXFileReference; fileEncoding = 4; lastKnownFileType = sourcecode.cpp.cpp; path = EMUUSBOutputStream.cpp; sourceTree = "<group>"; };
		6CB2722E1A54197B00FA8B61 /* EMUUSBOutputStream.h */ = {isa = PBXFileReference; fileEncoding = 4; lastKnownFileType = sourcecode.c.h; path = EMUUSBOutputStream.h; sourceTree = "<group>"; };
		6CBB771E1D044C8900FED26D /* USB.h */ = {isa = PBXFileReference; lastKnownFileType = sourcecode.c.h; path = USB.h; sourceTree = "<group>"; };
		6CE021FD1A5FCE9C00568A82 /* StreamInfo.cpp */ = {isa = PBXFileReference; fileEncoding = 4; lastKnownFileType = sourcecode.cpp.cpp; path = StreamInfo.cpp; sourceTree = "<group>"; };
		6CF65DF71D06085D0063C123 /* osxversion.h */ = {isa = PBXFileReference; lastKnownFileType = sourcecode.c.h; path = osxversion.h; sourceTree = "<group>"; };
/* End PBXFileReference section */

/* Begin PBXFrameworksBuildPhase section */
		6C7735E819E320A000ED3FAA /* Frameworks */ = {
			isa = PBXFrameworksBuildPhase;
			buildActionMask = 2147483647;
			files = (
			);
			runOnlyForDeploymentPostprocessing = 0;
		};
/* End PBXFrameworksBuildPhase section */

/* Begin PBXGroup section */
		6C2C072919E4862C00F1FD56 /* oldiokit */ = {
			isa = PBXGroup;
			children = (
				6C2C072B19E4864D00F1FD56 /* IOSyncer.h */,
			);
			name = oldiokit;
			sourceTree = "<group>";
		};
		6C7735E219E320A000ED3FAA = {
			isa = PBXGroup;
			children = (
				6C7861F01D03F6F30087FD31 /* USBAdapter */,
				6C2C072919E4862C00F1FD56 /* oldiokit */,
				6C77361E19E3232800ED3FAA /* FloatLib */,
				6C7735F219E320A000ED3FAA /* EMUUSBAudio */,
				6C7735EF19E320A000ED3FAA /* Frameworks */,
				6C7735EE19E320A000ED3FAA /* Products */,
			);
			sourceTree = "<group>";
		};
		6C7735EE19E320A000ED3FAA /* Products */ = {
			isa = PBXGroup;
			children = (
				6C7735ED19E320A000ED3FAA /* EMUUSBAudio.kext */,
			);
			name = Products;
			sourceTree = "<group>";
		};
		6C7735EF19E320A000ED3FAA /* Frameworks */ = {
			isa = PBXGroup;
			children = (
				6C022C8719E3AA090090651E /* CoreAudioKit.framework */,
				6C77362B19E3261000ED3FAA /* IOKit.framework */,
				6C77362919E325BA00ED3FAA /* CoreAudio.framework */,
				6C77360519E321F100ED3FAA /* CoreFoundation.framework */,
				6C7735F019E320A000ED3FAA /* Other Frameworks */,
			);
			name = Frameworks;
			sourceTree = "<group>";
		};
		6C7735F019E320A000ED3FAA /* Other Frameworks */ = {
			isa = PBXGroup;
			children = (
				6C7735F119E320A000ED3FAA /* Kernel.framework */,
			);
			name = "Other Frameworks";
			sourceTree = "<group>";
		};
		6C7735F219E320A000ED3FAA /* EMUUSBAudio */ = {
			isa = PBXGroup;
			children = (
				6C7735F319E320A000ED3FAA /* Supporting Files */,
				6C2C070619E4559800F1FD56 /* EMUUSBAudioDevice.cpp */,
				6C2C070719E4559800F1FD56 /* EMUUSBAudioDevice.h */,
				6C2C070A19E4562800F1FD56 /* EMUUSBAudioEngine.cpp */,
				6C2C070B19E4562800F1FD56 /* EMUUSBAudioEngine.h */,
				6C2C070E19E456D500F1FD56 /* EMUUSBAudioCommon.h */,
				6C2C070F19E4572600F1FD56 /* EMUXUCustomControl.cpp */,
				6C2C071019E4572600F1FD56 /* EMUXUCustomControl.h */,
				6C2C071319E4578A00F1FD56 /* EMUUSBAudioLevelControl.cpp */,
				6C2C071419E4578A00F1FD56 /* EMUUSBAudioLevelControl.h */,
				6C2C071719E4586700F1FD56 /* USBAudioObject.cpp */,
				6C2C071819E4586700F1FD56 /* USBAudioObject.h */,
				6C2C071B19E4714500F1FD56 /* EMUUSBAudioMuteControl.cpp */,
				6C2C071C19E4714500F1FD56 /* EMUUSBAudioMuteControl.h */,
				6C2C071F19E4740700F1FD56 /* EMUUSBAudioPlugin.cpp */,
				6C2C072019E4740700F1FD56 /* EMUUSBAudioPlugin.h */,
				6C2C072319E4755A00F1FD56 /* EMUUSBUserClient.cpp */,
				6C2C072419E4755A00F1FD56 /* EMUUSBUserClient.h */,
				6C2C072719E475B700F1FD56 /* EMUUSBPlatform.h */,
				6C2C072819E475EE00F1FD56 /* EMUUSBAudioDefines.h */,
				6C6B28B519ED897400EE6E8E /* EMUUSBLogging.h */,
				6C966C7F19ED9E5000DBF618 /* EMUUSBDeviceDefines.h */,
				6C8BF2191A2503F300F2052A /* StreamInfo.h */,
				6CE021FD1A5FCE9C00568A82 /* StreamInfo.cpp */,
				6C8BF21A1A2507FC00F2052A /* LowPassFilter.cpp */,
				6C8BF21B1A2507FC00F2052A /* LowPassFilter.h */,
				6C5A3AF11A285C0200F4DC13 /* RingBufferT.h */,
				6C5A3AFF1A28DF9700F4DC13 /* RingBufferDefault.h */,
				6C5A3B001A290F4800F4DC13 /* EMUUSBInputStream.cpp */,
				6C5A3B011A290F4800F4DC13 /* EMUUSBInputStream.h */,
				6CB2722D1A54197B00FA8B61 /* EMUUSBOutputStream.cpp */,
				6CB2722E1A54197B00FA8B61 /* EMUUSBOutputStream.h */,
			);
			path = EMUUSBAudio;
			sourceTree = "<group>";
		};
		6C7735F319E320A000ED3FAA /* Supporting Files */ = {
			isa = PBXGroup;
			children = (
				6C7735F419E320A000ED3FAA /* EMUUSBAudio-Info.plist */,
				6C7735F519E320A000ED3FAA /* InfoPlist.strings */,
				6C7735FA19E320A000ED3FAA /* EMUUSBAudio-Prefix.pch */,
			);
			name = "Supporting Files";
			sourceTree = "<group>";
		};
		6C77361E19E3232800ED3FAA /* FloatLib */ = {
			isa = PBXGroup;
			children = (
				6C77361F19E3234900ED3FAA /* EMUUSBAudioClip.cpp */,
				6C77362019E3234900ED3FAA /* EMUUSBAudioClip.h */,
			);
			name = FloatLib;
			sourceTree = "<group>";
		};
		6C7861F01D03F6F30087FD31 /* USBAdapter */ = {
			isa = PBXGroup;
			children = (
				6C7861F11D03F7110087FD31 /* IOUSBPipe.cpp */,
				6C7861F21D03F7110087FD31 /* IOUSBPipe.h */,
				6C7861F51D03F91D0087FD31 /* IOUSBDevice.cpp */,
				6C7861F61D03F91D0087FD31 /* IOUSBDevice.h */,
				6C7861F91D03F96C0087FD31 /* IOUSBInterface.cpp */,
				6C7861FA1D03F96C0087FD31 /* IOUSBInterface.h */,
				6C7B68811D0436E90059CA4C /* IOUSBController.cpp */,
				6C7B68821D0436E90059CA4C /* IOUSBController.h */,
				6CBB771E1D044C8900FED26D /* USB.h */,
				6CF65DF71D06085D0063C123 /* osxversion.h */,
			);
			name = USBAdapter;
			sourceTree = "<group>";
		};
/* End PBXGroup section */

/* Begin PBXHeadersBuildPhase section */
		6C7735E919E320A000ED3FAA /* Headers */ = {
			isa = PBXHeadersBuildPhase;
			buildActionMask = 2147483647;
			files = (
				6C8BF21D1A2507FC00F2052A /* LowPassFilter.h in Headers */,
				6C77362219E3234900ED3FAA /* EMUUSBAudioClip.h in Headers */,
				6CB272301A54197B00FA8B61 /* EMUUSBOutputStream.h in Headers */,
				6C2C072219E4740700F1FD56 /* EMUUSBAudioPlugin.h in Headers */,
				6C5A3AF31A285C0200F4DC13 /* RingBufferT.h in Headers */,
				6C7861F81D03F91D0087FD31 /* IOUSBDevice.h in Headers */,
				6C2C071619E4578A00F1FD56 /* EMUUSBAudioLevelControl.h in Headers */,
				6C2C070D19E4562800F1FD56 /* EMUUSBAudioEngine.h in Headers */,
				6C2C071219E4572600F1FD56 /* EMUXUCustomControl.h in Headers */,
				6C5A3B031A290F4800F4DC13 /* EMUUSBInputStream.h in Headers */,
				6C2C071E19E4714500F1FD56 /* EMUUSBAudioMuteControl.h in Headers */,
				6C7B68841D0436E90059CA4C /* IOUSBController.h in Headers */,
				6C2C071A19E4586700F1FD56 /* USBAudioObject.h in Headers */,
				6C2C070919E4559800F1FD56 /* EMUUSBAudioDevice.h in Headers */,
				6C7861F41D03F7110087FD31 /* IOUSBPipe.h in Headers */,
				6C7861FC1D03F96C0087FD31 /* IOUSBInterface.h in Headers */,
				6C2C072619E4755A00F1FD56 /* EMUUSBUserClient.h in Headers */,
				6C2C072D19E4864D00F1FD56 /* IOSyncer.h in Headers */,
			);
			runOnlyForDeploymentPostprocessing = 0;
		};
/* End PBXHeadersBuildPhase section */

/* Begin PBXNativeTarget section */
		6C7735EC19E320A000ED3FAA /* EMUUSBAudio */ = {
			isa = PBXNativeTarget;
			buildConfigurationList = 6C7735FD19E320A000ED3FAA /* Build configuration list for PBXNativeTarget "EMUUSBAudio" */;
			buildPhases = (
				6C7735E719E320A000ED3FAA /* Sources */,
				6C7735E819E320A000ED3FAA /* Frameworks */,
				6C7735E919E320A000ED3FAA /* Headers */,
				6C7735EA19E320A000ED3FAA /* Resources */,
				6C7735EB19E320A000ED3FAA /* Rez */,
				6CD0F85519E5A3210049C532 /* CopyFiles */,
			);
			buildRules = (
			);
			dependencies = (
			);
			name = EMUUSBAudio;
			productName = EMUUSBAudio;
			productReference = 6C7735ED19E320A000ED3FAA /* EMUUSBAudio.kext */;
			productType = "com.apple.product-type.kernel-extension";
		};
/* End PBXNativeTarget section */

/* Begin PBXProject section */
		6C7735E319E320A000ED3FAA /* Project object */ = {
			isa = PBXProject;
			attributes = {
				LastUpgradeCheck = 0510;
				ORGANIZATIONNAME = com.emu;
			};
			buildConfigurationList = 6C7735E619E320A000ED3FAA /* Build configuration list for PBXProject "EMUUSBAudio" */;
			compatibilityVersion = "Xcode 3.2";
			developmentRegion = English;
			hasScannedForEncodings = 0;
			knownRegions = (
				en,
			);
			mainGroup = 6C7735E219E320A000ED3FAA;
			productRefGroup = 6C7735EE19E320A000ED3FAA /* Products */;
			projectDirPath = "";
			projectRoot = "";
			targets = (
				6C7735EC19E320A000ED3FAA /* EMUUSBAudio */,
			);
		};
/* End PBXProject section */

/* Begin PBXResourcesBuildPhase section */
		6C7735EA19E320A000ED3FAA /* Resources */ = {
			isa = PBXResourcesBuildPhase;
			buildActionMask = 2147483647;
			files = (
				6C7735F719E320A000ED3FAA /* InfoPlist.strings in Resources */,
			);
			runOnlyForDeploymentPostprocessing = 0;
		};
/* End PBXResourcesBuildPhase section */

/* Begin PBXRezBuildPhase section */
		6C7735EB19E320A000ED3FAA /* Rez */ = {
			isa = PBXRezBuildPhase;
			buildActionMask = 2147483647;
			files = (
			);
			runOnlyForDeploymentPostprocessing = 0;
		};
/* End PBXRezBuildPhase section */

/* Begin PBXSourcesBuildPhase section */
		6C7735E719E320A000ED3FAA /* Sources */ = {
			isa = PBXSourcesBuildPhase;
			buildActionMask = 2147483647;
			files = (
				6C7861F31D03F7110087FD31 /* IOUSBPipe.cpp in Sources */,
				6C5464221A15606C003C251B /* EMUUSBUserClient.cpp in Sources */,
				6CB2722F1A54197B00FA8B61 /* EMUUSBOutputStream.cpp in Sources */,
				6C7861F71D03F91D0087FD31 /* IOUSBDevice.cpp in Sources */,
				6C39DF8919F2C3BD00D027FC /* EMUUSBAudioClip.cpp in Sources */,
				6C97E7F919EDB4C900C376B9 /* EMUUSBAudioMuteControl.cpp in Sources */,
				6C7861FB1D03F96C0087FD31 /* IOUSBInterface.cpp in Sources */,
				6C97E7F819EDB4C400C376B9 /* EMUUSBAudioLevelControl.cpp in Sources */,
				6C2C071919E4586700F1FD56 /* USBAudioObject.cpp in Sources */,
				6C2C070819E4559800F1FD56 /* EMUUSBAudioDevice.cpp in Sources */,
				6C2C070C19E4562800F1FD56 /* EMUUSBAudioEngine.cpp in Sources */,
				6CE021FE1A5FCE9C00568A82 /* StreamInfo.cpp in Sources */,
				6C2C072119E4740700F1FD56 /* EMUUSBAudioPlugin.cpp in Sources */,
				6C2C071119E4572600F1FD56 /* EMUXUCustomControl.cpp in Sources */,
				6C7B68831D0436E90059CA4C /* IOUSBController.cpp in Sources */,
				6C8BF21C1A2507FC00F2052A /* LowPassFilter.cpp in Sources */,
				6C5A3B021A290F4800F4DC13 /* EMUUSBInputStream.cpp in Sources */,
			);
			runOnlyForDeploymentPostprocessing = 0;
		};
/* End PBXSourcesBuildPhase section */

/* Begin PBXVariantGroup section */
		6C7735F519E320A000ED3FAA /* InfoPlist.strings */ = {
			isa = PBXVariantGroup;
			children = (
				6C7735F619E320A000ED3FAA /* en */,
			);
			name = InfoPlist.strings;
			sourceTree = "<group>";
		};
/* End PBXVariantGroup section */

/* Begin XCBuildConfiguration section */
		6C7735FB19E320A000ED3FAA /* Debug */ = {
			isa = XCBuildConfiguration;
			buildSettings = {
				ALWAYS_SEARCH_USER_PATHS = NO;
				CLANG_CXX_LANGUAGE_STANDARD = "gnu++0x";
				CLANG_CXX_LIBRARY = "libc++";
				CLANG_ENABLE_MODULES = YES;
				CLANG_ENABLE_OBJC_ARC = YES;
				CLANG_WARN_BOOL_CONVERSION = YES;
				CLANG_WARN_CONSTANT_CONVERSION = YES;
				CLANG_WARN_DIRECT_OBJC_ISA_USAGE = YES_ERROR;
				CLANG_WARN_EMPTY_BODY = YES;
				CLANG_WARN_ENUM_CONVERSION = YES;
				CLANG_WARN_INT_CONVERSION = YES;
				CLANG_WARN_OBJC_ROOT_CLASS = YES_ERROR;
				CLANG_WARN__DUPLICATE_METHOD_MATCH = YES;
				COPY_PHASE_STRIP = NO;
				GCC_C_LANGUAGE_STANDARD = gnu99;
				GCC_DYNAMIC_NO_PIC = NO;
				GCC_ENABLE_OBJC_EXCEPTIONS = YES;
				GCC_OPTIMIZATION_LEVEL = 0;
				GCC_PREPROCESSOR_DEFINITIONS = (
					_HULA_MACOSX_,
					"DEBUG=1",
				);
				GCC_SYMBOLS_PRIVATE_EXTERN = NO;
				GCC_WARN_64_TO_32_BIT_CONVERSION = YES;
				GCC_WARN_ABOUT_RETURN_TYPE = YES_ERROR;
				GCC_WARN_UNDECLARED_SELECTOR = YES;
				GCC_WARN_UNINITIALIZED_AUTOS = YES_AGGRESSIVE;
				GCC_WARN_UNUSED_FUNCTION = YES;
				GCC_WARN_UNUSED_VARIABLE = YES;
				MACOSX_DEPLOYMENT_TARGET = 10.9;
				ONLY_ACTIVE_ARCH = YES;
				OTHER_CFLAGS = "";
				"OTHER_CFLAGS[arch=*]" = "-DDEBUGLOGGING";
				SDKROOT = macosx;
			};
			name = Debug;
		};
		6C7735FC19E320A000ED3FAA /* Release */ = {
			isa = XCBuildConfiguration;
			buildSettings = {
				ALWAYS_SEARCH_USER_PATHS = NO;
				CLANG_CXX_LANGUAGE_STANDARD = "gnu++0x";
				CLANG_CXX_LIBRARY = "libc++";
				CLANG_ENABLE_MODULES = YES;
				CLANG_ENABLE_OBJC_ARC = YES;
				CLANG_WARN_BOOL_CONVERSION = YES;
				CLANG_WARN_CONSTANT_CONVERSION = YES;
				CLANG_WARN_DIRECT_OBJC_ISA_USAGE = YES_ERROR;
				CLANG_WARN_EMPTY_BODY = YES;
				CLANG_WARN_ENUM_CONVERSION = YES;
				CLANG_WARN_INT_CONVERSION = YES;
				CLANG_WARN_OBJC_ROOT_CLASS = YES_ERROR;
				CLANG_WARN__DUPLICATE_METHOD_MATCH = YES;
				COPY_PHASE_STRIP = YES;
				DEBUG_INFORMATION_FORMAT = "dwarf-with-dsym";
				ENABLE_NS_ASSERTIONS = NO;
				GCC_C_LANGUAGE_STANDARD = gnu99;
				GCC_ENABLE_OBJC_EXCEPTIONS = YES;
				GCC_PREPROCESSOR_DEFINITIONS = _HULA_MACOSX_;
				GCC_WARN_64_TO_32_BIT_CONVERSION = YES;
				GCC_WARN_ABOUT_RETURN_TYPE = YES_ERROR;
				GCC_WARN_UNDECLARED_SELECTOR = YES;
				GCC_WARN_UNINITIALIZED_AUTOS = YES_AGGRESSIVE;
				GCC_WARN_UNUSED_FUNCTION = YES;
				GCC_WARN_UNUSED_VARIABLE = YES;
				MACOSX_DEPLOYMENT_TARGET = 10.9;
				SDKROOT = macosx;
			};
			name = Release;
		};
		6C7735FE19E320A000ED3FAA /* Debug */ = {
			isa = XCBuildConfiguration;
			buildSettings = {
				CODE_SIGN_IDENTITY = "";
				COMBINE_HIDPI_IMAGES = YES;
				CREATE_INFOPLIST_SECTION_IN_BINARY = NO;
				GCC_PRECOMPILE_PREFIX_HEADER = YES;
				GCC_PREFIX_HEADER = "EMUUSBAudio/EMUUSBAudio-Prefix.pch";
				INFOPLIST_FILE = "EMUUSBAudio/EMUUSBAudio-Info.plist";
				INFOPLIST_PREPROCESS = YES;
				MACOSX_DEPLOYMENT_TARGET = 10.9;
				MODULE_NAME = com.emu.driver.EMUUSBAudio;
				MODULE_START = 0;
				MODULE_STOP = 0;
				MODULE_VERSION = 1.0.0d1;
				"OTHER_CFLAGS[arch=*]" = "-DDEBUGLOGGING";
				PRODUCT_NAME = "$(TARGET_NAME)";
				SDKROOT = macosx10.9;
				WRAPPER_EXTENSION = kext;
			};
			name = Debug;
		};
		6C7735FF19E320A000ED3FAA /* Release */ = {
			isa = XCBuildConfiguration;
			buildSettings = {
				CODE_SIGN_IDENTITY = "";
				COMBINE_HIDPI_IMAGES = YES;
				CREATE_INFOPLIST_SECTION_IN_BINARY = NO;
				GCC_PRECOMPILE_PREFIX_HEADER = YES;
				GCC_PREFIX_HEADER = "EMUUSBAudio/EMUUSBAudio-Prefix.pch";
				INFOPLIST_FILE = "EMUUSBAudio/EMUUSBAudio-Info.plist";
				INFOPLIST_PREPROCESS = YES;
				MACOSX_DEPLOYMENT_TARGET = 10.9;
				MODULE_NAME = com.emu.driver.EMUUSBAudio;
				MODULE_START = 0;
				MODULE_STOP = 0;
				MODULE_VERSION = 1.0.0d1;
				PRODUCT_NAME = "$(TARGET_NAME)";
				SDKROOT = macosx10.9;
				WRAPPER_EXTENSION = kext;
			};
			name = Release;
		};
/* End XCBuildConfiguration section */

/* Begin XCConfigurationList section */
		6C7735E619E320A000ED3FAA /* Build configuration list for PBXProject "EMUUSBAudio" */ = {
			isa = XCConfigurationList;
			buildConfigurations = (
				6C7735FB19E320A000ED3FAA /* Debug */,
				6C7735FC19E320A000ED3FAA /* Release */,
			);
			defaultConfigurationIsVisible = 0;
			defaultConfigurationName = Release;
		};
		6C7735FD19E320A000ED3FAA /* Build configuration list for PBXNativeTarget "EMUUSBAudio" */ = {
			isa = XCConfigurationList;
			buildConfigurations = (
				6C7735FE19E320A000ED3FAA /* Debug */,
				6C7735FF19E320A000ED3FAA /* Release */,
			);
			defaultConfigurationIsVisible = 0;
			defaultConfigurationName = Release;
		};
/* End XCConfigurationList section */
	};
	rootObject = 6C7735E319E320A000ED3FAA /* Project object */;
}
